
Microsoft Visual Studio Solution File, Format Version 12.00
# Visual Studio Version 17
VisualStudioVersion = 17.11.35208.52
MinimumVisualStudioVersion = 10.0.40219.1
Project("{2150E333-8FDC-42A3-9474-1A3956D46DE8}") = "Bootstrapper", "Bootstrapper", "{8C86B187-7250-4324-8241-CF3BD880208A}"
EndProject
Project("{2150E333-8FDC-42A3-9474-1A3956D46DE8}") = "Modules", "Modules", "{3826BBC2-B280-499D-82CD-0753AA51AB54}"
EndProject
Project("{2150E333-8FDC-42A3-9474-1A3956D46DE8}") = "Shared", "Shared", "{9C18AC87-D033-475D-B5F8-1D9467D7F064}"
EndProject
Project("{9A19103F-16F7-4668-BE54-9A1E7A4F7556}") = "Api", "Bootsrapper\Api\Api.csproj", "{7C115C99-E7EF-4C5C-BDD8-B3D94BB4EB22}"
EndProject
Project("{2150E333-8FDC-42A3-9474-1A3956D46DE8}") = "Basket", "Basket", "{7D4F743F-6A36-4C61-98B8-E64CD2C720AE}"
EndProject
Project("{2150E333-8FDC-42A3-9474-1A3956D46DE8}") = "Catalog", "Catalog", "{D07AAABC-F185-4739-98C0-D49702C89E8A}"
EndProject
Project("{2150E333-8FDC-42A3-9474-1A3956D46DE8}") = "Ordering", "Ordering", "{86B7F613-88A6-43ED-9C45-8F98AB7653DC}"
EndProject
Project("{9A19103F-16F7-4668-BE54-9A1E7A4F7556}") = "Ordering", "Modules\Ordering\Ordering.csproj", "{7485A089-A103-4222-990C-44313FD5E1BF}"
EndProject
Project("{9A19103F-16F7-4668-BE54-9A1E7A4F7556}") = "Basket", "Modules\Basket\Basket.csproj", "{34D5FF34-7089-4186-A242-3C2A1C1D2CF9}"
EndProject
Project("{9A19103F-16F7-4668-BE54-9A1E7A4F7556}") = "Shared", "Shared\Shared\Shared.csproj", "{DF11E2DA-353D-4AB0-AE88-525852416C0C}"
EndProject
Project("{9A19103F-16F7-4668-BE54-9A1E7A4F7556}") = "eshop-modular-monolithis.AppHost", "eshop-modular-monolithis.AppHost\eshop-modular-monolithis.AppHost.csproj", "{2F5A4EA6-7F84-40CC-85CF-9373E2FBAA16}"
EndProject
Project("{9A19103F-16F7-4668-BE54-9A1E7A4F7556}") = "eshop-modular-monolithis.ServiceDefaults", "eshop-modular-monolithis.ServiceDefaults\eshop-modular-monolithis.ServiceDefaults.csproj", "{BB72C02E-85CE-46CC-AE47-3A8FBA517D3C}"
EndProject
Project("{2150E333-8FDC-42A3-9474-1A3956D46DE8}") = "AspireHost", "AspireHost", "{57F2FBCF-F2B2-499E-99CE-CEB4E5DD4CC0}"
EndProject
Project("{2150E333-8FDC-42A3-9474-1A3956D46DE8}") = "Tests", "Tests", "{46A24A3B-3A01-447B-843E-CFB1D0D8D5B6}"
EndProject
Project("{2150E333-8FDC-42A3-9474-1A3956D46DE8}") = "IntegrationTests", "IntegrationTests", "{D6A6B53C-09FC-4390-86C0-3550F8004C2F}"
EndProject
Project("{9A19103F-16F7-4668-BE54-9A1E7A4F7556}") = "EshopApp.Integration.Tests", "Tests\IntegrationTests\EshopApp.Integration.Tests\EshopApp.Integration.Tests.csproj", "{76A08866-279F-4B7C-A3D8-837DA009D855}"
EndProject
Project("{9A19103F-16F7-4668-BE54-9A1E7A4F7556}") = "Catalog", "Modules\Catalog\Catalog\Catalog.csproj", "{0677BC1A-3113-434D-B9B1-5D3A1854BA50}"
EndProject
Project("{9A19103F-16F7-4668-BE54-9A1E7A4F7556}") = "Shared.Contracts", "Shared\Shared.Contracts\Shared.Contracts.csproj", "{5FD5859D-D3DE-4E22-8211-28161BE17201}"
EndProject
Project("{FAE04EC0-301F-11D3-BF4B-00C04F79EFBC}") = "Catalog.Contracts", "Modules\Catalog\Catalog.Contracts\Catalog.Contracts.csproj", "{A1595DC6-CBA9-4049-A9CF-6346182AC8A2}"
EndProject
Global
	GlobalSection(SolutionConfigurationPlatforms) = preSolution
		Debug|Any CPU = Debug|Any CPU
		Release|Any CPU = Release|Any CPU
	EndGlobalSection
	GlobalSection(ProjectConfigurationPlatforms) = postSolution
		{7C115C99-E7EF-4C5C-BDD8-B3D94BB4EB22}.Debug|Any CPU.ActiveCfg = Debug|Any CPU
		{7C115C99-E7EF-4C5C-BDD8-B3D94BB4EB22}.Debug|Any CPU.Build.0 = Debug|Any CPU
		{7C115C99-E7EF-4C5C-BDD8-B3D94BB4EB22}.Release|Any CPU.ActiveCfg = Release|Any CPU
		{7C115C99-E7EF-4C5C-BDD8-B3D94BB4EB22}.Release|Any CPU.Build.0 = Release|Any CPU
		{7485A089-A103-4222-990C-44313FD5E1BF}.Debug|Any CPU.ActiveCfg = Debug|Any CPU
		{7485A089-A103-4222-990C-44313FD5E1BF}.Debug|Any CPU.Build.0 = Debug|Any CPU
		{7485A089-A103-4222-990C-44313FD5E1BF}.Release|Any CPU.ActiveCfg = Release|Any CPU
		{7485A089-A103-4222-990C-44313FD5E1BF}.Release|Any CPU.Build.0 = Release|Any CPU
		{34D5FF34-7089-4186-A242-3C2A1C1D2CF9}.Debug|Any CPU.ActiveCfg = Debug|Any CPU
		{34D5FF34-7089-4186-A242-3C2A1C1D2CF9}.Debug|Any CPU.Build.0 = Debug|Any CPU
		{34D5FF34-7089-4186-A242-3C2A1C1D2CF9}.Release|Any CPU.ActiveCfg = Release|Any CPU
		{34D5FF34-7089-4186-A242-3C2A1C1D2CF9}.Release|Any CPU.Build.0 = Release|Any CPU
		{DF11E2DA-353D-4AB0-AE88-525852416C0C}.Debug|Any CPU.ActiveCfg = Debug|Any CPU
		{DF11E2DA-353D-4AB0-AE88-525852416C0C}.Debug|Any CPU.Build.0 = Debug|Any CPU
		{DF11E2DA-353D-4AB0-AE88-525852416C0C}.Release|Any CPU.ActiveCfg = Release|Any CPU
		{DF11E2DA-353D-4AB0-AE88-525852416C0C}.Release|Any CPU.Build.0 = Release|Any CPU
		{2F5A4EA6-7F84-40CC-85CF-9373E2FBAA16}.Debug|Any CPU.ActiveCfg = Debug|Any CPU
		{2F5A4EA6-7F84-40CC-85CF-9373E2FBAA16}.Debug|Any CPU.Build.0 = Debug|Any CPU
		{2F5A4EA6-7F84-40CC-85CF-9373E2FBAA16}.Release|Any CPU.ActiveCfg = Release|Any CPU
		{2F5A4EA6-7F84-40CC-85CF-9373E2FBAA16}.Release|Any CPU.Build.0 = Release|Any CPU
		{BB72C02E-85CE-46CC-AE47-3A8FBA517D3C}.Debug|Any CPU.ActiveCfg = Debug|Any CPU
		{BB72C02E-85CE-46CC-AE47-3A8FBA517D3C}.Debug|Any CPU.Build.0 = Debug|Any CPU
		{BB72C02E-85CE-46CC-AE47-3A8FBA517D3C}.Release|Any CPU.ActiveCfg = Release|Any CPU
		{BB72C02E-85CE-46CC-AE47-3A8FBA517D3C}.Release|Any CPU.Build.0 = Release|Any CPU
		{76A08866-279F-4B7C-A3D8-837DA009D855}.Debug|Any CPU.ActiveCfg = Debug|Any CPU
		{76A08866-279F-4B7C-A3D8-837DA009D855}.Debug|Any CPU.Build.0 = Debug|Any CPU
		{76A08866-279F-4B7C-A3D8-837DA009D855}.Release|Any CPU.ActiveCfg = Release|Any CPU
		{76A08866-279F-4B7C-A3D8-837DA009D855}.Release|Any CPU.Build.0 = Release|Any CPU
		{0677BC1A-3113-434D-B9B1-5D3A1854BA50}.Debug|Any CPU.ActiveCfg = Debug|Any CPU
		{0677BC1A-3113-434D-B9B1-5D3A1854BA50}.Debug|Any CPU.Build.0 = Debug|Any CPU
		{0677BC1A-3113-434D-B9B1-5D3A1854BA50}.Release|Any CPU.ActiveCfg = Release|Any CPU
		{0677BC1A-3113-434D-B9B1-5D3A1854BA50}.Release|Any CPU.Build.0 = Release|Any CPU
		{5FD5859D-D3DE-4E22-8211-28161BE17201}.Debug|Any CPU.ActiveCfg = Debug|Any CPU
		{5FD5859D-D3DE-4E22-8211-28161BE17201}.Debug|Any CPU.Build.0 = Debug|Any CPU
		{5FD5859D-D3DE-4E22-8211-28161BE17201}.Release|Any CPU.ActiveCfg = Release|Any CPU
		{5FD5859D-D3DE-4E22-8211-28161BE17201}.Release|Any CPU.Build.0 = Release|Any CPU
		{A1595DC6-CBA9-4049-A9CF-6346182AC8A2}.Debug|Any CPU.ActiveCfg = Debug|Any CPU
		{A1595DC6-CBA9-4049-A9CF-6346182AC8A2}.Debug|Any CPU.Build.0 = Debug|Any CPU
		{A1595DC6-CBA9-4049-A9CF-6346182AC8A2}.Release|Any CPU.ActiveCfg = Release|Any CPU
		{A1595DC6-CBA9-4049-A9CF-6346182AC8A2}.Release|Any CPU.Build.0 = Release|Any CPU
	EndGlobalSection
	GlobalSection(SolutionProperties) = preSolution
		HideSolutionNode = FALSE
	EndGlobalSection
	GlobalSection(NestedProjects) = preSolution
		{7C115C99-E7EF-4C5C-BDD8-B3D94BB4EB22} = {8C86B187-7250-4324-8241-CF3BD880208A}
		{7D4F743F-6A36-4C61-98B8-E64CD2C720AE} = {3826BBC2-B280-499D-82CD-0753AA51AB54}
		{D07AAABC-F185-4739-98C0-D49702C89E8A} = {3826BBC2-B280-499D-82CD-0753AA51AB54}
		{86B7F613-88A6-43ED-9C45-8F98AB7653DC} = {3826BBC2-B280-499D-82CD-0753AA51AB54}
		{7485A089-A103-4222-990C-44313FD5E1BF} = {86B7F613-88A6-43ED-9C45-8F98AB7653DC}
		{34D5FF34-7089-4186-A242-3C2A1C1D2CF9} = {7D4F743F-6A36-4C61-98B8-E64CD2C720AE}
		{DF11E2DA-353D-4AB0-AE88-525852416C0C} = {9C18AC87-D033-475D-B5F8-1D9467D7F064}
		{2F5A4EA6-7F84-40CC-85CF-9373E2FBAA16} = {57F2FBCF-F2B2-499E-99CE-CEB4E5DD4CC0}
		{BB72C02E-85CE-46CC-AE47-3A8FBA517D3C} = {57F2FBCF-F2B2-499E-99CE-CEB4E5DD4CC0}
		{D6A6B53C-09FC-4390-86C0-3550F8004C2F} = {46A24A3B-3A01-447B-843E-CFB1D0D8D5B6}
		{76A08866-279F-4B7C-A3D8-837DA009D855} = {D6A6B53C-09FC-4390-86C0-3550F8004C2F}
		{0677BC1A-3113-434D-B9B1-5D3A1854BA50} = {D07AAABC-F185-4739-98C0-D49702C89E8A}
		{5FD5859D-D3DE-4E22-8211-28161BE17201} = {9C18AC87-D033-475D-B5F8-1D9467D7F064}
		{A1595DC6-CBA9-4049-A9CF-6346182AC8A2} = {D07AAABC-F185-4739-98C0-D49702C89E8A}
	EndGlobalSection
	GlobalSection(ExtensibilityGlobals) = postSolution
		SolutionGuid = {E79F18F2-A791-4A8D-95AB-5D2F5375B9DC}
	EndGlobalSection
EndGlobal
